
Microsoft Visual Studio Solution File, Format Version 12.00
# Visual Studio Version 17
VisualStudioVersion = 17.9.34902.65
MinimumVisualStudioVersion = 10.0.40219.1
Project("{FAE04EC0-301F-11D3-BF4B-00C04F79EFBC}") = "ModTracker", "ModTracker\ModTracker.csproj", "{5107E753-9D72-436D-A2D4-2004F6E52B10}"
EndProject
Project("{2150E333-8FDC-42A3-9474-1A3956D46DE8}") = "Solution Items", "Solution Items", "{A0050FC3-473E-4BB2-AF8B-BEC91100C330}"
	ProjectSection(SolutionItems) = preProject
		ModTracker\readme.md = ModTracker\readme.md
	EndProjectSection
EndProject
Global
	GlobalSection(SolutionConfigurationPlatforms) = preSolution
		Debug|Any CPU = Debug|Any CPU
		Release|Any CPU = Release|Any CPU
	EndGlobalSection
	GlobalSection(ProjectConfigurationPlatforms) = postSolution
		{5107E753-9D72-436D-A2D4-2004F6E52B10}.Debug|Any CPU.ActiveCfg = Debug|Any CPU
		{5107E753-9D72-436D-A2D4-2004F6E52B10}.Debug|Any CPU.Build.0 = Debug|Any CPU
		{5107E753-9D72-436D-A2D4-2004F6E52B10}.Release|Any CPU.ActiveCfg = Release|Any CPU
		{5107E753-9D72-436D-A2D4-2004F6E52B10}.Release|Any CPU.Build.0 = Release|Any CPU
	EndGlobalSection
	GlobalSection(SolutionProperties) = preSolution
		HideSolutionNode = FALSE
	EndGlobalSection
	GlobalSection(ExtensibilityGlobals) = postSolution
		SolutionGuid = {8C57FB42-B8B0-48E4-B850-B7DF0A2CE1D7}
	EndGlobalSection
EndGlobal
